// !$*UTF8*$!
{
	archiveVersion = 1;
	classes = {
	};
	objectVersion = 46;
	objects = {

/* Begin PBXGroup section */
		FA2A7BC218A0138200FDA6BF = {
			isa = PBXGroup;
			children = (
			);
			sourceTree = "<group>";
		};
/* End PBXGroup section */

/* Begin PBXProject section */
		FA2A7BC318A0138200FDA6BF /* Project object */ = {
			isa = PBXProject;
			attributes = {
				LastUpgradeCheck = 0500;
			};
			buildConfigurationList = FA2A7BC618A0138200FDA6BF /* Build configuration list for PBXProject "Umbilical" */;
			compatibilityVersion = "Xcode 3.2";
			developmentRegion = English;
			hasScannedForEncodings = 0;
			knownRegions = (
				en,
			);
			mainGroup = FA2A7BC218A0138200FDA6BF;
			projectDirPath = "";
			projectRoot = "";
			targets = (
			);
		};
/* End PBXProject section */

/* Begin XCBuildConfiguration section */
		FA2A7BC718A0138200FDA6BF /* Debug */ = {
			isa = XCBuildConfiguration;
			buildSettings = {
			};
			name = Debug;
		};
		FA2A7BC818A0138200FDA6BF /* Release */ = {
			isa = XCBuildConfiguration;
			buildSettings = {
			};
			name = Release;
		};
/* End XCBuildConfiguration section */

/* Begin XCConfigurationList section */
		FA2A7BC618A0138200FDA6BF /* Build configuration list for PBXProject "Umbilical" */ = {
			isa = XCConfigurationList;
			buildConfigurations = (
				FA2A7BC718A0138200FDA6BF /* Debug */,
				FA2A7BC818A0138200FDA6BF /* Release */,
			);
			defaultConfigurationIsVisible = 0;
			defaultConfigurationName = Release;
		};
/* End XCConfigurationList section */
	};
	rootObject = FA2A7BC318A0138200FDA6BF /* Project object */;
}
